
Microsoft Visual Studio Solution File, Format Version 12.00
# Visual Studio Version 17
VisualStudioVersion = 17.4.33213.308
MinimumVisualStudioVersion = 10.0.40219.1
Project("{FAE04EC0-301F-11D3-BF4B-00C04F79EFBC}") = "RoundToSignificantFactor.Library", "RoundToSignificantFactor.Library\RoundToSignificantFactor.Library.csproj", "{4A6D29A4-6151-4671-B046-6B8295117F0E}"
EndProject
Project("{FAE04EC0-301F-11D3-BF4B-00C04F79EFBC}") = "RoundToSignificantFactor.UnitTests", "RoundToSignificantFactor.UnitTests\RoundToSignificantFactor.UnitTests.csproj", "{1839C6D1-463A-45D8-BBC3-C829CFB398BF}"
EndProject
Global
	GlobalSection(SolutionConfigurationPlatforms) = preSolution
		Debug|Any CPU = Debug|Any CPU
		Release|Any CPU = Release|Any CPU
	EndGlobalSection
	GlobalSection(ProjectConfigurationPlatforms) = postSolution
		{4A6D29A4-6151-4671-B046-6B8295117F0E}.Debug|Any CPU.ActiveCfg = Debug|Any CPU
		{4A6D29A4-6151-4671-B046-6B8295117F0E}.Debug|Any CPU.Build.0 = Debug|Any CPU
		{4A6D29A4-6151-4671-B046-6B8295117F0E}.Release|Any CPU.ActiveCfg = Release|Any CPU
		{4A6D29A4-6151-4671-B046-6B8295117F0E}.Release|Any CPU.Build.0 = Release|Any CPU
		{1839C6D1-463A-45D8-BBC3-C829CFB398BF}.Debug|Any CPU.ActiveCfg = Debug|Any CPU
		{1839C6D1-463A-45D8-BBC3-C829CFB398BF}.Debug|Any CPU.Build.0 = Debug|Any CPU
		{1839C6D1-463A-45D8-BBC3-C829CFB398BF}.Release|Any CPU.ActiveCfg = Release|Any CPU
		{1839C6D1-463A-45D8-BBC3-C829CFB398BF}.Release|Any CPU.Build.0 = Release|Any CPU
	EndGlobalSection
	GlobalSection(SolutionProperties) = preSolution
		HideSolutionNode = FALSE
	EndGlobalSection
	GlobalSection(ExtensibilityGlobals) = postSolution
		SolutionGuid = {49EB2E7D-A63A-4E11-BB11-F6C9DF4AEEB7}
	EndGlobalSection
EndGlobal
